// !$*UTF8*$!
{
	archiveVersion = 1;
	classes = {
	};
	objectVersion = 50;
	objects = {

/* Begin PBXBuildFile section */
		3F3FBBB0236FF85600318BD5 /* ImageLoader.swift in Sources */ = {isa = PBXBuildFile; fileRef = 3F3FBBAF236FF85600318BD5 /* ImageLoader.swift */; };
		3F3FBBB22371033C00318BD5 /* DriversListView.swift in Sources */ = {isa = PBXBuildFile; fileRef = 3F3FBBB12371033C00318BD5 /* DriversListView.swift */; };
		3F4448EB237A21570022E871 /* RootTabBarController.swift in Sources */ = {isa = PBXBuildFile; fileRef = 3F4448EA237A21570022E871 /* RootTabBarController.swift */; };
		3F54B7932380876500F43268 /* DriversTableView.swift in Sources */ = {isa = PBXBuildFile; fileRef = 3F54B7922380876500F43268 /* DriversTableView.swift */; };
		3F54B795238088AD00F43268 /* UICollectionViewCell.swift in Sources */ = {isa = PBXBuildFile; fileRef = 3F54B794238088AD00F43268 /* UICollectionViewCell.swift */; };
		3F54B797238095DD00F43268 /* Constructor.swift in Sources */ = {isa = PBXBuildFile; fileRef = 3F54B796238095DD00F43268 /* Constructor.swift */; };
		3F54B7992380A12E00F43268 /* UITableView.swift in Sources */ = {isa = PBXBuildFile; fileRef = 3F54B7982380A12E00F43268 /* UITableView.swift */; };
		3F54B79B2380A14F00F43268 /* UIView.swift in Sources */ = {isa = PBXBuildFile; fileRef = 3F54B79A2380A14F00F43268 /* UIView.swift */; };
		3F62F92C237C754E0037DAA0 /* CircuitsCollectionView.swift in Sources */ = {isa = PBXBuildFile; fileRef = 3F62F92B237C754E0037DAA0 /* CircuitsCollectionView.swift */; };
		3F62F934237D32020037DAA0 /* ConstructorsCollectionView.swift in Sources */ = {isa = PBXBuildFile; fileRef = 3F62F933237D32020037DAA0 /* ConstructorsCollectionView.swift */; };
		3F7E9DC9236F331E007E4F26 /* Endpoint.swift in Sources */ = {isa = PBXBuildFile; fileRef = 3F7E9DC8236F331E007E4F26 /* Endpoint.swift */; };
		3F7E9DCB236FD579007E4F26 /* PublisherError.swift in Sources */ = {isa = PBXBuildFile; fileRef = 3F7E9DCA236FD579007E4F26 /* PublisherError.swift */; };
		3F99728A23711A7200796DAB /* DriversViewController.swift in Sources */ = {isa = PBXBuildFile; fileRef = 3F99728923711A7200796DAB /* DriversViewController.swift */; };
		3F99728D2371307C00796DAB /* DriverCell.swift in Sources */ = {isa = PBXBuildFile; fileRef = 3F99728C2371307C00796DAB /* DriverCell.swift */; };
		3F99728F237131C900796DAB /* ViewControllerRepresentation.swift in Sources */ = {isa = PBXBuildFile; fileRef = 3F99728E237131C900796DAB /* ViewControllerRepresentation.swift */; };
		3F9972912371418A00796DAB /* Fetchable.swift in Sources */ = {isa = PBXBuildFile; fileRef = 3F9972902371418A00796DAB /* Fetchable.swift */; };
		3F9BAE1D236CCBB800FB994D /* AppDelegate.swift in Sources */ = {isa = PBXBuildFile; fileRef = 3F9BAE1C236CCBB800FB994D /* AppDelegate.swift */; };
		3F9BAE1F236CCBB800FB994D /* SceneDelegate.swift in Sources */ = {isa = PBXBuildFile; fileRef = 3F9BAE1E236CCBB800FB994D /* SceneDelegate.swift */; };
		3F9BAE21236CCBB800FB994D /* RootContentView.swift in Sources */ = {isa = PBXBuildFile; fileRef = 3F9BAE20236CCBB800FB994D /* RootContentView.swift */; };
		3F9BAE23236CCBBA00FB994D /* Assets.xcassets in Resources */ = {isa = PBXBuildFile; fileRef = 3F9BAE22236CCBBA00FB994D /* Assets.xcassets */; };
		3F9BAE26236CCBBA00FB994D /* Preview Assets.xcassets in Resources */ = {isa = PBXBuildFile; fileRef = 3F9BAE25236CCBBA00FB994D /* Preview Assets.xcassets */; };
		3F9BAE29236CCBBA00FB994D /* LaunchScreen.storyboard in Resources */ = {isa = PBXBuildFile; fileRef = 3F9BAE27236CCBBA00FB994D /* LaunchScreen.storyboard */; };
		3F9BAE34236CCBBA00FB994D /* Formula_1Tests.swift in Sources */ = {isa = PBXBuildFile; fileRef = 3F9BAE33236CCBBA00FB994D /* Formula_1Tests.swift */; };
		3F9BAE3F236CCBBA00FB994D /* Formula_1UITests.swift in Sources */ = {isa = PBXBuildFile; fileRef = 3F9BAE3E236CCBBA00FB994D /* Formula_1UITests.swift */; };
		3F9BAE4E236CCDC600FB994D /* WebService.swift in Sources */ = {isa = PBXBuildFile; fileRef = 3F9BAE4D236CCDC600FB994D /* WebService.swift */; };
		3F9BAE55236D4C6800FB994D /* Formula1-Black.ttf in Resources */ = {isa = PBXBuildFile; fileRef = 3F9BAE51236D4C6800FB994D /* Formula1-Black.ttf */; };
		3F9BAE56236D4C6800FB994D /* Formula1-Bold.ttf in Resources */ = {isa = PBXBuildFile; fileRef = 3F9BAE52236D4C6800FB994D /* Formula1-Bold.ttf */; };
		3F9BAE57236D4C6800FB994D /* Formula1-Wide.ttf in Resources */ = {isa = PBXBuildFile; fileRef = 3F9BAE53236D4C6800FB994D /* Formula1-Wide.ttf */; };
		3F9BAE58236D4C6800FB994D /* Formula1-Regular.ttf in Resources */ = {isa = PBXBuildFile; fileRef = 3F9BAE54236D4C6800FB994D /* Formula1-Regular.ttf */; };
		3F9C9C062372067000B8FF69 /* ConstructorsViewController.swift in Sources */ = {isa = PBXBuildFile; fileRef = 3F9C9C052372067000B8FF69 /* ConstructorsViewController.swift */; };
		3F9C9C08237215A100B8FF69 /* ConstructorKitCell.swift in Sources */ = {isa = PBXBuildFile; fileRef = 3F9C9C07237215A100B8FF69 /* ConstructorKitCell.swift */; };
		3FA462E223767AFA001E925E /* ConstructorsViewModel.swift in Sources */ = {isa = PBXBuildFile; fileRef = 3FA462E123767AFA001E925E /* ConstructorsViewModel.swift */; };
		3FA462E62376AD17001E925E /* UIFont.swift in Sources */ = {isa = PBXBuildFile; fileRef = 3FA462E52376AD17001E925E /* UIFont.swift */; };
		3FAB61E2237BBC6D005C4514 /* CircuitsViewController.swift in Sources */ = {isa = PBXBuildFile; fileRef = 3FAB61E1237BBC6D005C4514 /* CircuitsViewController.swift */; };
		3FAB61E4237BE58D005C4514 /* CircuitsViewModel.swift in Sources */ = {isa = PBXBuildFile; fileRef = 3FAB61E3237BE58D005C4514 /* CircuitsViewModel.swift */; };
		3FAB61E6237BE9C4005C4514 /* CircuitKitCell.swift in Sources */ = {isa = PBXBuildFile; fileRef = 3FAB61E5237BE9C4005C4514 /* CircuitKitCell.swift */; };
		3FC1CE27236E277C00B092FB /* DriversViewModel.swift in Sources */ = {isa = PBXBuildFile; fileRef = 3FC1CE26236E277C00B092FB /* DriversViewModel.swift */; };
		3FD7758B237F6D1000152523 /* Circuit.swift in Sources */ = {isa = PBXBuildFile; fileRef = 3FD7758A237F6D1000152523 /* Circuit.swift */; };
		3FD77597237F959400152523 /* DriverKitCell.swift in Sources */ = {isa = PBXBuildFile; fileRef = 3FD77596237F959400152523 /* DriverKitCell.swift */; };
		3FD77599237FB5A500152523 /* Driver.swift in Sources */ = {isa = PBXBuildFile; fileRef = 3FD77598237FB5A500152523 /* Driver.swift */; };
/* End PBXBuildFile section */

/* Begin PBXContainerItemProxy section */
		3F9BAE30236CCBBA00FB994D /* PBXContainerItemProxy */ = {
			isa = PBXContainerItemProxy;
			containerPortal = 3F9BAE11236CCBB800FB994D /* Project object */;
			proxyType = 1;
			remoteGlobalIDString = 3F9BAE18236CCBB800FB994D;
			remoteInfo = "Formula 1";
		};
		3F9BAE3B236CCBBA00FB994D /* PBXContainerItemProxy */ = {
			isa = PBXContainerItemProxy;
			containerPortal = 3F9BAE11236CCBB800FB994D /* Project object */;
			proxyType = 1;
			remoteGlobalIDString = 3F9BAE18236CCBB800FB994D;
			remoteInfo = "Formula 1";
		};
/* End PBXContainerItemProxy section */

/* Begin PBXFileReference section */
		3F3FBBAF236FF85600318BD5 /* ImageLoader.swift */ = {isa = PBXFileReference; lastKnownFileType = sourcecode.swift; path = ImageLoader.swift; sourceTree = "<group>"; };
		3F3FBBB12371033C00318BD5 /* DriversListView.swift */ = {isa = PBXFileReference; lastKnownFileType = sourcecode.swift; path = DriversListView.swift; sourceTree = "<group>"; };
		3F4448EA237A21570022E871 /* RootTabBarController.swift */ = {isa = PBXFileReference; lastKnownFileType = sourcecode.swift; path = RootTabBarController.swift; sourceTree = "<group>"; };
		3F54B7922380876500F43268 /* DriversTableView.swift */ = {isa = PBXFileReference; lastKnownFileType = sourcecode.swift; path = DriversTableView.swift; sourceTree = "<group>"; };
		3F54B794238088AD00F43268 /* UICollectionViewCell.swift */ = {isa = PBXFileReference; lastKnownFileType = sourcecode.swift; path = UICollectionViewCell.swift; sourceTree = "<group>"; };
		3F54B796238095DD00F43268 /* Constructor.swift */ = {isa = PBXFileReference; lastKnownFileType = sourcecode.swift; path = Constructor.swift; sourceTree = "<group>"; };
		3F54B7982380A12E00F43268 /* UITableView.swift */ = {isa = PBXFileReference; lastKnownFileType = sourcecode.swift; path = UITableView.swift; sourceTree = "<group>"; };
		3F54B79A2380A14F00F43268 /* UIView.swift */ = {isa = PBXFileReference; lastKnownFileType = sourcecode.swift; path = UIView.swift; sourceTree = "<group>"; };
		3F62F92B237C754E0037DAA0 /* CircuitsCollectionView.swift */ = {isa = PBXFileReference; lastKnownFileType = sourcecode.swift; path = CircuitsCollectionView.swift; sourceTree = "<group>"; };
		3F62F933237D32020037DAA0 /* ConstructorsCollectionView.swift */ = {isa = PBXFileReference; fileEncoding = 4; lastKnownFileType = sourcecode.swift; path = ConstructorsCollectionView.swift; sourceTree = "<group>"; };
		3F7E9DC8236F331E007E4F26 /* Endpoint.swift */ = {isa = PBXFileReference; lastKnownFileType = sourcecode.swift; path = Endpoint.swift; sourceTree = "<group>"; };
		3F7E9DCA236FD579007E4F26 /* PublisherError.swift */ = {isa = PBXFileReference; lastKnownFileType = sourcecode.swift; path = PublisherError.swift; sourceTree = "<group>"; };
		3F99728923711A7200796DAB /* DriversViewController.swift */ = {isa = PBXFileReference; lastKnownFileType = sourcecode.swift; path = DriversViewController.swift; sourceTree = "<group>"; };
		3F99728C2371307C00796DAB /* DriverCell.swift */ = {isa = PBXFileReference; lastKnownFileType = sourcecode.swift; path = DriverCell.swift; sourceTree = "<group>"; };
		3F99728E237131C900796DAB /* ViewControllerRepresentation.swift */ = {isa = PBXFileReference; lastKnownFileType = sourcecode.swift; path = ViewControllerRepresentation.swift; sourceTree = "<group>"; };
		3F9972902371418A00796DAB /* Fetchable.swift */ = {isa = PBXFileReference; lastKnownFileType = sourcecode.swift; path = Fetchable.swift; sourceTree = "<group>"; };
		3F9BAE19236CCBB800FB994D /* Formula 1.app */ = {isa = PBXFileReference; explicitFileType = wrapper.application; includeInIndex = 0; path = "Formula 1.app"; sourceTree = BUILT_PRODUCTS_DIR; };
		3F9BAE1C236CCBB800FB994D /* AppDelegate.swift */ = {isa = PBXFileReference; lastKnownFileType = sourcecode.swift; path = AppDelegate.swift; sourceTree = "<group>"; };
		3F9BAE1E236CCBB800FB994D /* SceneDelegate.swift */ = {isa = PBXFileReference; lastKnownFileType = sourcecode.swift; path = SceneDelegate.swift; sourceTree = "<group>"; };
		3F9BAE20236CCBB800FB994D /* RootContentView.swift */ = {isa = PBXFileReference; lastKnownFileType = sourcecode.swift; path = RootContentView.swift; sourceTree = "<group>"; };
		3F9BAE22236CCBBA00FB994D /* Assets.xcassets */ = {isa = PBXFileReference; lastKnownFileType = folder.assetcatalog; path = Assets.xcassets; sourceTree = "<group>"; };
		3F9BAE25236CCBBA00FB994D /* Preview Assets.xcassets */ = {isa = PBXFileReference; lastKnownFileType = folder.assetcatalog; path = "Preview Assets.xcassets"; sourceTree = "<group>"; };
		3F9BAE28236CCBBA00FB994D /* Base */ = {isa = PBXFileReference; lastKnownFileType = file.storyboard; name = Base; path = Base.lproj/LaunchScreen.storyboard; sourceTree = "<group>"; };
		3F9BAE2A236CCBBA00FB994D /* Info.plist */ = {isa = PBXFileReference; lastKnownFileType = text.plist.xml; path = Info.plist; sourceTree = "<group>"; };
		3F9BAE2F236CCBBA00FB994D /* Formula 1Tests.xctest */ = {isa = PBXFileReference; explicitFileType = wrapper.cfbundle; includeInIndex = 0; path = "Formula 1Tests.xctest"; sourceTree = BUILT_PRODUCTS_DIR; };
		3F9BAE33236CCBBA00FB994D /* Formula_1Tests.swift */ = {isa = PBXFileReference; lastKnownFileType = sourcecode.swift; path = Formula_1Tests.swift; sourceTree = "<group>"; };
		3F9BAE35236CCBBA00FB994D /* Info.plist */ = {isa = PBXFileReference; lastKnownFileType = text.plist.xml; path = Info.plist; sourceTree = "<group>"; };
		3F9BAE3A236CCBBA00FB994D /* Formula 1UITests.xctest */ = {isa = PBXFileReference; explicitFileType = wrapper.cfbundle; includeInIndex = 0; path = "Formula 1UITests.xctest"; sourceTree = BUILT_PRODUCTS_DIR; };
		3F9BAE3E236CCBBA00FB994D /* Formula_1UITests.swift */ = {isa = PBXFileReference; lastKnownFileType = sourcecode.swift; path = Formula_1UITests.swift; sourceTree = "<group>"; };
		3F9BAE40236CCBBA00FB994D /* Info.plist */ = {isa = PBXFileReference; lastKnownFileType = text.plist.xml; path = Info.plist; sourceTree = "<group>"; };
		3F9BAE4D236CCDC600FB994D /* WebService.swift */ = {isa = PBXFileReference; lastKnownFileType = sourcecode.swift; path = WebService.swift; sourceTree = "<group>"; };
		3F9BAE51236D4C6800FB994D /* Formula1-Black.ttf */ = {isa = PBXFileReference; lastKnownFileType = file; path = "Formula1-Black.ttf"; sourceTree = "<group>"; };
		3F9BAE52236D4C6800FB994D /* Formula1-Bold.ttf */ = {isa = PBXFileReference; lastKnownFileType = file; path = "Formula1-Bold.ttf"; sourceTree = "<group>"; };
		3F9BAE53236D4C6800FB994D /* Formula1-Wide.ttf */ = {isa = PBXFileReference; lastKnownFileType = file; path = "Formula1-Wide.ttf"; sourceTree = "<group>"; };
		3F9BAE54236D4C6800FB994D /* Formula1-Regular.ttf */ = {isa = PBXFileReference; lastKnownFileType = file; path = "Formula1-Regular.ttf"; sourceTree = "<group>"; };
		3F9C9C052372067000B8FF69 /* ConstructorsViewController.swift */ = {isa = PBXFileReference; lastKnownFileType = sourcecode.swift; path = ConstructorsViewController.swift; sourceTree = "<group>"; };
		3F9C9C07237215A100B8FF69 /* ConstructorKitCell.swift */ = {isa = PBXFileReference; lastKnownFileType = sourcecode.swift; path = ConstructorKitCell.swift; sourceTree = "<group>"; };
		3FA462E123767AFA001E925E /* ConstructorsViewModel.swift */ = {isa = PBXFileReference; lastKnownFileType = sourcecode.swift; path = ConstructorsViewModel.swift; sourceTree = "<group>"; };
		3FA462E52376AD17001E925E /* UIFont.swift */ = {isa = PBXFileReference; lastKnownFileType = sourcecode.swift; path = UIFont.swift; sourceTree = "<group>"; };
		3FAB61E1237BBC6D005C4514 /* CircuitsViewController.swift */ = {isa = PBXFileReference; lastKnownFileType = sourcecode.swift; path = CircuitsViewController.swift; sourceTree = "<group>"; };
		3FAB61E3237BE58D005C4514 /* CircuitsViewModel.swift */ = {isa = PBXFileReference; lastKnownFileType = sourcecode.swift; path = CircuitsViewModel.swift; sourceTree = "<group>"; };
		3FAB61E5237BE9C4005C4514 /* CircuitKitCell.swift */ = {isa = PBXFileReference; lastKnownFileType = sourcecode.swift; path = CircuitKitCell.swift; sourceTree = "<group>"; };
		3FC1CE26236E277C00B092FB /* DriversViewModel.swift */ = {isa = PBXFileReference; lastKnownFileType = sourcecode.swift; path = DriversViewModel.swift; sourceTree = "<group>"; };
		3FD7758A237F6D1000152523 /* Circuit.swift */ = {isa = PBXFileReference; lastKnownFileType = sourcecode.swift; path = Circuit.swift; sourceTree = "<group>"; };
		3FD77596237F959400152523 /* DriverKitCell.swift */ = {isa = PBXFileReference; lastKnownFileType = sourcecode.swift; path = DriverKitCell.swift; sourceTree = "<group>"; };
		3FD77598237FB5A500152523 /* Driver.swift */ = {isa = PBXFileReference; lastKnownFileType = sourcecode.swift; path = Driver.swift; sourceTree = "<group>"; };
/* End PBXFileReference section */

/* Begin PBXFrameworksBuildPhase section */
		3F9BAE16236CCBB800FB994D /* Frameworks */ = {
			isa = PBXFrameworksBuildPhase;
			buildActionMask = 2147483647;
			files = (
			);
			runOnlyForDeploymentPostprocessing = 0;
		};
		3F9BAE2C236CCBBA00FB994D /* Frameworks */ = {
			isa = PBXFrameworksBuildPhase;
			buildActionMask = 2147483647;
			files = (
			);
			runOnlyForDeploymentPostprocessing = 0;
		};
		3F9BAE37236CCBBA00FB994D /* Frameworks */ = {
			isa = PBXFrameworksBuildPhase;
			buildActionMask = 2147483647;
			files = (
			);
			runOnlyForDeploymentPostprocessing = 0;
		};
/* End PBXFrameworksBuildPhase section */

/* Begin PBXGroup section */
		3F99728B2371306C00796DAB /* Cells */ = {
			isa = PBXGroup;
			children = (
				3F99728C2371307C00796DAB /* DriverCell.swift */,
			);
			path = Cells;
			sourceTree = "<group>";
		};
		3F9BAE10236CCBB800FB994D = {
			isa = PBXGroup;
			children = (
				3F9BAE1B236CCBB800FB994D /* Formula 1 */,
				3F9BAE32236CCBBA00FB994D /* Formula 1Tests */,
				3F9BAE3D236CCBBA00FB994D /* Formula 1UITests */,
				3F9BAE1A236CCBB800FB994D /* Products */,
			);
			sourceTree = "<group>";
		};
		3F9BAE1A236CCBB800FB994D /* Products */ = {
			isa = PBXGroup;
			children = (
				3F9BAE19236CCBB800FB994D /* Formula 1.app */,
				3F9BAE2F236CCBBA00FB994D /* Formula 1Tests.xctest */,
				3F9BAE3A236CCBBA00FB994D /* Formula 1UITests.xctest */,
			);
			name = Products;
			sourceTree = "<group>";
		};
		3F9BAE1B236CCBB800FB994D /* Formula 1 */ = {
			isa = PBXGroup;
			children = (
				3F9BAE1C236CCBB800FB994D /* AppDelegate.swift */,
				3F9BAE1E236CCBB800FB994D /* SceneDelegate.swift */,
				3FC1CE25236E274300B092FB /* Models */,
				3FA462E323769F20001E925E /* ViewControllers */,
				3F9BAE59236D4E5500FB994D /* Views */,
				3FC1CE24236E273600B092FB /* ViewModels */,
				3F9BAE4C236CCDAC00FB994D /* Networking */,
				3F9BAE50236D4C5500FB994D /* Fonts */,
				3F9BAE4F236D238E00FB994D /* Extensions */,
				3F9BAE22236CCBBA00FB994D /* Assets.xcassets */,
				3F9BAE27236CCBBA00FB994D /* LaunchScreen.storyboard */,
				3F9BAE2A236CCBBA00FB994D /* Info.plist */,
				3F9BAE24236CCBBA00FB994D /* Preview Content */,
			);
			path = "Formula 1";
			sourceTree = "<group>";
		};
		3F9BAE24236CCBBA00FB994D /* Preview Content */ = {
			isa = PBXGroup;
			children = (
				3F9BAE25236CCBBA00FB994D /* Preview Assets.xcassets */,
			);
			path = "Preview Content";
			sourceTree = "<group>";
		};
		3F9BAE32236CCBBA00FB994D /* Formula 1Tests */ = {
			isa = PBXGroup;
			children = (
				3F9BAE33236CCBBA00FB994D /* Formula_1Tests.swift */,
				3F9BAE35236CCBBA00FB994D /* Info.plist */,
			);
			path = "Formula 1Tests";
			sourceTree = "<group>";
		};
		3F9BAE3D236CCBBA00FB994D /* Formula 1UITests */ = {
			isa = PBXGroup;
			children = (
				3F9BAE3E236CCBBA00FB994D /* Formula_1UITests.swift */,
				3F9BAE40236CCBBA00FB994D /* Info.plist */,
			);
			path = "Formula 1UITests";
			sourceTree = "<group>";
		};
		3F9BAE4C236CCDAC00FB994D /* Networking */ = {
			isa = PBXGroup;
			children = (
				3F9BAE4D236CCDC600FB994D /* WebService.swift */,
				3F7E9DC8236F331E007E4F26 /* Endpoint.swift */,
				3F9972902371418A00796DAB /* Fetchable.swift */,
				3F3FBBAF236FF85600318BD5 /* ImageLoader.swift */,
				3F7E9DCA236FD579007E4F26 /* PublisherError.swift */,
			);
			path = Networking;
			sourceTree = "<group>";
		};
		3F9BAE4F236D238E00FB994D /* Extensions */ = {
			isa = PBXGroup;
			children = (
				3FA462E52376AD17001E925E /* UIFont.swift */,
				3F54B79A2380A14F00F43268 /* UIView.swift */,
				3F54B7982380A12E00F43268 /* UITableView.swift */,
				3F54B794238088AD00F43268 /* UICollectionViewCell.swift */,
			);
			path = Extensions;
			sourceTree = "<group>";
		};
		3F9BAE50236D4C5500FB994D /* Fonts */ = {
			isa = PBXGroup;
			children = (
				3F9BAE51236D4C6800FB994D /* Formula1-Black.ttf */,
				3F9BAE52236D4C6800FB994D /* Formula1-Bold.ttf */,
				3F9BAE54236D4C6800FB994D /* Formula1-Regular.ttf */,
				3F9BAE53236D4C6800FB994D /* Formula1-Wide.ttf */,
			);
			path = Fonts;
			sourceTree = "<group>";
		};
		3F9BAE59236D4E5500FB994D /* Views */ = {
			isa = PBXGroup;
			children = (
				3FD77593237F940400152523 /* UIKit */,
				3FD77594237F942600152523 /* SwiftUI */,
			);
			path = Views;
			sourceTree = "<group>";
		};
		3FA462E323769F20001E925E /* ViewControllers */ = {
			isa = PBXGroup;
			children = (
				3F4448EA237A21570022E871 /* RootTabBarController.swift */,
				3F99728923711A7200796DAB /* DriversViewController.swift */,
				3F9C9C052372067000B8FF69 /* ConstructorsViewController.swift */,
				3FAB61E1237BBC6D005C4514 /* CircuitsViewController.swift */,
			);
			path = ViewControllers;
			sourceTree = "<group>";
		};
		3FC1CE24236E273600B092FB /* ViewModels */ = {
			isa = PBXGroup;
			children = (
				3FC1CE26236E277C00B092FB /* DriversViewModel.swift */,
				3FA462E123767AFA001E925E /* ConstructorsViewModel.swift */,
				3FAB61E3237BE58D005C4514 /* CircuitsViewModel.swift */,
			);
			path = ViewModels;
			sourceTree = "<group>";
		};
		3FC1CE25236E274300B092FB /* Models */ = {
			isa = PBXGroup;
			children = (
				3FD7758A237F6D1000152523 /* Circuit.swift */,
				3FD77598237FB5A500152523 /* Driver.swift */,
				3F54B796238095DD00F43268 /* Constructor.swift */,
			);
			path = Models;
			sourceTree = "<group>";
		};
		3FD77593237F940400152523 /* UIKit */ = {
			isa = PBXGroup;
			children = (
				3F62F933237D32020037DAA0 /* ConstructorsCollectionView.swift */,
				3F62F92B237C754E0037DAA0 /* CircuitsCollectionView.swift */,
				3F54B7922380876500F43268 /* DriversTableView.swift */,
				3FD77595237F958700152523 /* Cells */,
			);
			path = UIKit;
			sourceTree = "<group>";
		};
		3FD77594237F942600152523 /* SwiftUI */ = {
			isa = PBXGroup;
			children = (
				3F99728E237131C900796DAB /* ViewControllerRepresentation.swift */,
				3F9BAE20236CCBB800FB994D /* RootContentView.swift */,
				3F3FBBB12371033C00318BD5 /* DriversListView.swift */,
				3F99728B2371306C00796DAB /* Cells */,
			);
			path = SwiftUI;
			sourceTree = "<group>";
		};
		3FD77595237F958700152523 /* Cells */ = {
			isa = PBXGroup;
			children = (
				3FD77596237F959400152523 /* DriverKitCell.swift */,
				3F9C9C07237215A100B8FF69 /* ConstructorKitCell.swift */,
				3FAB61E5237BE9C4005C4514 /* CircuitKitCell.swift */,
			);
			path = Cells;
			sourceTree = "<group>";
		};
/* End PBXGroup section */

/* Begin PBXNativeTarget section */
		3F9BAE18236CCBB800FB994D /* Formula 1 */ = {
			isa = PBXNativeTarget;
			buildConfigurationList = 3F9BAE43236CCBBA00FB994D /* Build configuration list for PBXNativeTarget "Formula 1" */;
			buildPhases = (
				3F9BAE15236CCBB800FB994D /* Sources */,
				3F9BAE16236CCBB800FB994D /* Frameworks */,
				3F9BAE17236CCBB800FB994D /* Resources */,
			);
			buildRules = (
			);
			dependencies = (
			);
			name = "Formula 1";
			productName = "Formula 1";
			productReference = 3F9BAE19236CCBB800FB994D /* Formula 1.app */;
			productType = "com.apple.product-type.application";
		};
		3F9BAE2E236CCBBA00FB994D /* Formula 1Tests */ = {
			isa = PBXNativeTarget;
			buildConfigurationList = 3F9BAE46236CCBBA00FB994D /* Build configuration list for PBXNativeTarget "Formula 1Tests" */;
			buildPhases = (
				3F9BAE2B236CCBBA00FB994D /* Sources */,
				3F9BAE2C236CCBBA00FB994D /* Frameworks */,
				3F9BAE2D236CCBBA00FB994D /* Resources */,
			);
			buildRules = (
			);
			dependencies = (
				3F9BAE31236CCBBA00FB994D /* PBXTargetDependency */,
			);
			name = "Formula 1Tests";
			productName = "Formula 1Tests";
			productReference = 3F9BAE2F236CCBBA00FB994D /* Formula 1Tests.xctest */;
			productType = "com.apple.product-type.bundle.unit-test";
		};
		3F9BAE39236CCBBA00FB994D /* Formula 1UITests */ = {
			isa = PBXNativeTarget;
			buildConfigurationList = 3F9BAE49236CCBBA00FB994D /* Build configuration list for PBXNativeTarget "Formula 1UITests" */;
			buildPhases = (
				3F9BAE36236CCBBA00FB994D /* Sources */,
				3F9BAE37236CCBBA00FB994D /* Frameworks */,
				3F9BAE38236CCBBA00FB994D /* Resources */,
			);
			buildRules = (
			);
			dependencies = (
				3F9BAE3C236CCBBA00FB994D /* PBXTargetDependency */,
			);
			name = "Formula 1UITests";
			productName = "Formula 1UITests";
			productReference = 3F9BAE3A236CCBBA00FB994D /* Formula 1UITests.xctest */;
			productType = "com.apple.product-type.bundle.ui-testing";
		};
/* End PBXNativeTarget section */

/* Begin PBXProject section */
		3F9BAE11236CCBB800FB994D /* Project object */ = {
			isa = PBXProject;
			attributes = {
				LastSwiftUpdateCheck = 1110;
				LastUpgradeCheck = 1110;
				ORGANIZATIONNAME = Gio;
				TargetAttributes = {
					3F9BAE18236CCBB800FB994D = {
						CreatedOnToolsVersion = 11.1;
					};
					3F9BAE2E236CCBBA00FB994D = {
						CreatedOnToolsVersion = 11.1;
						TestTargetID = 3F9BAE18236CCBB800FB994D;
					};
					3F9BAE39236CCBBA00FB994D = {
						CreatedOnToolsVersion = 11.1;
						TestTargetID = 3F9BAE18236CCBB800FB994D;
					};
				};
			};
			buildConfigurationList = 3F9BAE14236CCBB800FB994D /* Build configuration list for PBXProject "Formula 1" */;
			compatibilityVersion = "Xcode 9.3";
			developmentRegion = en;
			hasScannedForEncodings = 0;
			knownRegions = (
				en,
				Base,
			);
			mainGroup = 3F9BAE10236CCBB800FB994D;
			productRefGroup = 3F9BAE1A236CCBB800FB994D /* Products */;
			projectDirPath = "";
			projectRoot = "";
			targets = (
				3F9BAE18236CCBB800FB994D /* Formula 1 */,
				3F9BAE2E236CCBBA00FB994D /* Formula 1Tests */,
				3F9BAE39236CCBBA00FB994D /* Formula 1UITests */,
			);
		};
/* End PBXProject section */

/* Begin PBXResourcesBuildPhase section */
		3F9BAE17236CCBB800FB994D /* Resources */ = {
			isa = PBXResourcesBuildPhase;
			buildActionMask = 2147483647;
			files = (
				3F9BAE29236CCBBA00FB994D /* LaunchScreen.storyboard in Resources */,
				3F9BAE58236D4C6800FB994D /* Formula1-Regular.ttf in Resources */,
				3F9BAE26236CCBBA00FB994D /* Preview Assets.xcassets in Resources */,
				3F9BAE56236D4C6800FB994D /* Formula1-Bold.ttf in Resources */,
				3F9BAE23236CCBBA00FB994D /* Assets.xcassets in Resources */,
				3F9BAE57236D4C6800FB994D /* Formula1-Wide.ttf in Resources */,
				3F9BAE55236D4C6800FB994D /* Formula1-Black.ttf in Resources */,
			);
			runOnlyForDeploymentPostprocessing = 0;
		};
		3F9BAE2D236CCBBA00FB994D /* Resources */ = {
			isa = PBXResourcesBuildPhase;
			buildActionMask = 2147483647;
			files = (
			);
			runOnlyForDeploymentPostprocessing = 0;
		};
		3F9BAE38236CCBBA00FB994D /* Resources */ = {
			isa = PBXResourcesBuildPhase;
			buildActionMask = 2147483647;
			files = (
			);
			runOnlyForDeploymentPostprocessing = 0;
		};
/* End PBXResourcesBuildPhase section */

/* Begin PBXSourcesBuildPhase section */
		3F9BAE15236CCBB800FB994D /* Sources */ = {
			isa = PBXSourcesBuildPhase;
			buildActionMask = 2147483647;
			files = (
				3F9C9C08237215A100B8FF69 /* ConstructorKitCell.swift in Sources */,
				3FA462E62376AD17001E925E /* UIFont.swift in Sources */,
				3FC1CE27236E277C00B092FB /* DriversViewModel.swift in Sources */,
				3FD77599237FB5A500152523 /* Driver.swift in Sources */,
				3FD7758B237F6D1000152523 /* Circuit.swift in Sources */,
				3FAB61E2237BBC6D005C4514 /* CircuitsViewController.swift in Sources */,
				3F54B797238095DD00F43268 /* Constructor.swift in Sources */,
				3F62F92C237C754E0037DAA0 /* CircuitsCollectionView.swift in Sources */,
				3F54B7932380876500F43268 /* DriversTableView.swift in Sources */,
				3F62F934237D32020037DAA0 /* ConstructorsCollectionView.swift in Sources */,
				3F7E9DC9236F331E007E4F26 /* Endpoint.swift in Sources */,
				3F9BAE1D236CCBB800FB994D /* AppDelegate.swift in Sources */,
				3F9BAE4E236CCDC600FB994D /* WebService.swift in Sources */,
				3F3FBBB0236FF85600318BD5 /* ImageLoader.swift in Sources */,
				3F99728D2371307C00796DAB /* DriverCell.swift in Sources */,
				3F4448EB237A21570022E871 /* RootTabBarController.swift in Sources */,
				3F99728A23711A7200796DAB /* DriversViewController.swift in Sources */,
				3F54B79B2380A14F00F43268 /* UIView.swift in Sources */,
				3F54B7992380A12E00F43268 /* UITableView.swift in Sources */,
				3F9BAE1F236CCBB800FB994D /* SceneDelegate.swift in Sources */,
				3F9BAE21236CCBB800FB994D /* RootContentView.swift in Sources */,
				3FD77597237F959400152523 /* DriverKitCell.swift in Sources */,
				3F9C9C062372067000B8FF69 /* ConstructorsViewController.swift in Sources */,
				3FA462E223767AFA001E925E /* ConstructorsViewModel.swift in Sources */,
				3F9972912371418A00796DAB /* Fetchable.swift in Sources */,
				3F54B795238088AD00F43268 /* UICollectionViewCell.swift in Sources */,
				3F3FBBB22371033C00318BD5 /* DriversListView.swift in Sources */,
				3F7E9DCB236FD579007E4F26 /* PublisherError.swift in Sources */,
				3F99728F237131C900796DAB /* ViewControllerRepresentation.swift in Sources */,
				3FAB61E4237BE58D005C4514 /* CircuitsViewModel.swift in Sources */,
				3FAB61E6237BE9C4005C4514 /* CircuitKitCell.swift in Sources */,
			);
			runOnlyForDeploymentPostprocessing = 0;
		};
		3F9BAE2B236CCBBA00FB994D /* Sources */ = {
			isa = PBXSourcesBuildPhase;
			buildActionMask = 2147483647;
			files = (
				3F9BAE34236CCBBA00FB994D /* Formula_1Tests.swift in Sources */,
			);
			runOnlyForDeploymentPostprocessing = 0;
		};
		3F9BAE36236CCBBA00FB994D /* Sources */ = {
			isa = PBXSourcesBuildPhase;
			buildActionMask = 2147483647;
			files = (
				3F9BAE3F236CCBBA00FB994D /* Formula_1UITests.swift in Sources */,
			);
			runOnlyForDeploymentPostprocessing = 0;
		};
/* End PBXSourcesBuildPhase section */

/* Begin PBXTargetDependency section */
		3F9BAE31236CCBBA00FB994D /* PBXTargetDependency */ = {
			isa = PBXTargetDependency;
			target = 3F9BAE18236CCBB800FB994D /* Formula 1 */;
			targetProxy = 3F9BAE30236CCBBA00FB994D /* PBXContainerItemProxy */;
		};
		3F9BAE3C236CCBBA00FB994D /* PBXTargetDependency */ = {
			isa = PBXTargetDependency;
			target = 3F9BAE18236CCBB800FB994D /* Formula 1 */;
			targetProxy = 3F9BAE3B236CCBBA00FB994D /* PBXContainerItemProxy */;
		};
/* End PBXTargetDependency section */

/* Begin PBXVariantGroup section */
		3F9BAE27236CCBBA00FB994D /* LaunchScreen.storyboard */ = {
			isa = PBXVariantGroup;
			children = (
				3F9BAE28236CCBBA00FB994D /* Base */,
			);
			name = LaunchScreen.storyboard;
			sourceTree = "<group>";
		};
/* End PBXVariantGroup section */

/* Begin XCBuildConfiguration section */
		3F9BAE41236CCBBA00FB994D /* Debug */ = {
			isa = XCBuildConfiguration;
			buildSettings = {
				ALWAYS_SEARCH_USER_PATHS = NO;
				CLANG_ANALYZER_NONNULL = YES;
				CLANG_ANALYZER_NUMBER_OBJECT_CONVERSION = YES_AGGRESSIVE;
				CLANG_CXX_LANGUAGE_STANDARD = "gnu++14";
				CLANG_CXX_LIBRARY = "libc++";
				CLANG_ENABLE_MODULES = YES;
				CLANG_ENABLE_OBJC_ARC = YES;
				CLANG_ENABLE_OBJC_WEAK = YES;
				CLANG_WARN_BLOCK_CAPTURE_AUTORELEASING = YES;
				CLANG_WARN_BOOL_CONVERSION = YES;
				CLANG_WARN_COMMA = YES;
				CLANG_WARN_CONSTANT_CONVERSION = YES;
				CLANG_WARN_DEPRECATED_OBJC_IMPLEMENTATIONS = YES;
				CLANG_WARN_DIRECT_OBJC_ISA_USAGE = YES_ERROR;
				CLANG_WARN_DOCUMENTATION_COMMENTS = YES;
				CLANG_WARN_EMPTY_BODY = YES;
				CLANG_WARN_ENUM_CONVERSION = YES;
				CLANG_WARN_INFINITE_RECURSION = YES;
				CLANG_WARN_INT_CONVERSION = YES;
				CLANG_WARN_NON_LITERAL_NULL_CONVERSION = YES;
				CLANG_WARN_OBJC_IMPLICIT_RETAIN_SELF = YES;
				CLANG_WARN_OBJC_LITERAL_CONVERSION = YES;
				CLANG_WARN_OBJC_ROOT_CLASS = YES_ERROR;
				CLANG_WARN_RANGE_LOOP_ANALYSIS = YES;
				CLANG_WARN_STRICT_PROTOTYPES = YES;
				CLANG_WARN_SUSPICIOUS_MOVE = YES;
				CLANG_WARN_UNGUARDED_AVAILABILITY = YES_AGGRESSIVE;
				CLANG_WARN_UNREACHABLE_CODE = YES;
				CLANG_WARN__DUPLICATE_METHOD_MATCH = YES;
				COPY_PHASE_STRIP = NO;
				DEBUG_INFORMATION_FORMAT = dwarf;
				ENABLE_STRICT_OBJC_MSGSEND = YES;
				ENABLE_TESTABILITY = YES;
				GCC_C_LANGUAGE_STANDARD = gnu11;
				GCC_DYNAMIC_NO_PIC = NO;
				GCC_NO_COMMON_BLOCKS = YES;
				GCC_OPTIMIZATION_LEVEL = 0;
				GCC_PREPROCESSOR_DEFINITIONS = (
					"DEBUG=1",
					"$(inherited)",
				);
				GCC_WARN_64_TO_32_BIT_CONVERSION = YES;
				GCC_WARN_ABOUT_RETURN_TYPE = YES_ERROR;
				GCC_WARN_UNDECLARED_SELECTOR = YES;
				GCC_WARN_UNINITIALIZED_AUTOS = YES_AGGRESSIVE;
				GCC_WARN_UNUSED_FUNCTION = YES;
				GCC_WARN_UNUSED_VARIABLE = YES;
				IPHONEOS_DEPLOYMENT_TARGET = 13.1;
				MTL_ENABLE_DEBUG_INFO = INCLUDE_SOURCE;
				MTL_FAST_MATH = YES;
				ONLY_ACTIVE_ARCH = YES;
				SDKROOT = iphoneos;
				SWIFT_ACTIVE_COMPILATION_CONDITIONS = DEBUG;
				SWIFT_OPTIMIZATION_LEVEL = "-Onone";
			};
			name = Debug;
		};
		3F9BAE42236CCBBA00FB994D /* Release */ = {
			isa = XCBuildConfiguration;
			buildSettings = {
				ALWAYS_SEARCH_USER_PATHS = NO;
				CLANG_ANALYZER_NONNULL = YES;
				CLANG_ANALYZER_NUMBER_OBJECT_CONVERSION = YES_AGGRESSIVE;
				CLANG_CXX_LANGUAGE_STANDARD = "gnu++14";
				CLANG_CXX_LIBRARY = "libc++";
				CLANG_ENABLE_MODULES = YES;
				CLANG_ENABLE_OBJC_ARC = YES;
				CLANG_ENABLE_OBJC_WEAK = YES;
				CLANG_WARN_BLOCK_CAPTURE_AUTORELEASING = YES;
				CLANG_WARN_BOOL_CONVERSION = YES;
				CLANG_WARN_COMMA = YES;
				CLANG_WARN_CONSTANT_CONVERSION = YES;
				CLANG_WARN_DEPRECATED_OBJC_IMPLEMENTATIONS = YES;
				CLANG_WARN_DIRECT_OBJC_ISA_USAGE = YES_ERROR;
				CLANG_WARN_DOCUMENTATION_COMMENTS = YES;
				CLANG_WARN_EMPTY_BODY = YES;
				CLANG_WARN_ENUM_CONVERSION = YES;
				CLANG_WARN_INFINITE_RECURSION = YES;
				CLANG_WARN_INT_CONVERSION = YES;
				CLANG_WARN_NON_LITERAL_NULL_CONVERSION = YES;
				CLANG_WARN_OBJC_IMPLICIT_RETAIN_SELF = YES;
				CLANG_WARN_OBJC_LITERAL_CONVERSION = YES;
				CLANG_WARN_OBJC_ROOT_CLASS = YES_ERROR;
				CLANG_WARN_RANGE_LOOP_ANALYSIS = YES;
				CLANG_WARN_STRICT_PROTOTYPES = YES;
				CLANG_WARN_SUSPICIOUS_MOVE = YES;
				CLANG_WARN_UNGUARDED_AVAILABILITY = YES_AGGRESSIVE;
				CLANG_WARN_UNREACHABLE_CODE = YES;
				CLANG_WARN__DUPLICATE_METHOD_MATCH = YES;
				COPY_PHASE_STRIP = NO;
				DEBUG_INFORMATION_FORMAT = "dwarf-with-dsym";
				ENABLE_NS_ASSERTIONS = NO;
				ENABLE_STRICT_OBJC_MSGSEND = YES;
				GCC_C_LANGUAGE_STANDARD = gnu11;
				GCC_NO_COMMON_BLOCKS = YES;
				GCC_WARN_64_TO_32_BIT_CONVERSION = YES;
				GCC_WARN_ABOUT_RETURN_TYPE = YES_ERROR;
				GCC_WARN_UNDECLARED_SELECTOR = YES;
				GCC_WARN_UNINITIALIZED_AUTOS = YES_AGGRESSIVE;
				GCC_WARN_UNUSED_FUNCTION = YES;
				GCC_WARN_UNUSED_VARIABLE = YES;
				IPHONEOS_DEPLOYMENT_TARGET = 13.1;
				MTL_ENABLE_DEBUG_INFO = NO;
				MTL_FAST_MATH = YES;
				SDKROOT = iphoneos;
				SWIFT_COMPILATION_MODE = wholemodule;
				SWIFT_OPTIMIZATION_LEVEL = "-O";
				VALIDATE_PRODUCT = YES;
			};
			name = Release;
		};
		3F9BAE44236CCBBA00FB994D /* Debug */ = {
			isa = XCBuildConfiguration;
			buildSettings = {
				ASSETCATALOG_COMPILER_APPICON_NAME = AppIcon;
				CODE_SIGN_STYLE = Automatic;
				DEVELOPMENT_ASSET_PATHS = "\"Formula 1/Preview Content\"";
				DEVELOPMENT_TEAM = HRVS9455XM;
				ENABLE_PREVIEWS = YES;
				INFOPLIST_FILE = "Formula 1/Info.plist";
				LD_RUNPATH_SEARCH_PATHS = (
					"$(inherited)",
					"@executable_path/Frameworks",
				);
				PRODUCT_BUNDLE_IDENTIFIER = "com.GioNoa.Formula-1";
				PRODUCT_NAME = "$(TARGET_NAME)";
				SWIFT_VERSION = 5.0;
				TARGETED_DEVICE_FAMILY = "1,2";
			};
			name = Debug;
		};
		3F9BAE45236CCBBA00FB994D /* Release */ = {
			isa = XCBuildConfiguration;
			buildSettings = {
				ASSETCATALOG_COMPILER_APPICON_NAME = AppIcon;
				CODE_SIGN_STYLE = Automatic;
				DEVELOPMENT_ASSET_PATHS = "\"Formula 1/Preview Content\"";
				DEVELOPMENT_TEAM = HRVS9455XM;
				ENABLE_PREVIEWS = YES;
				INFOPLIST_FILE = "Formula 1/Info.plist";
				LD_RUNPATH_SEARCH_PATHS = (
					"$(inherited)",
					"@executable_path/Frameworks",
				);
				PRODUCT_BUNDLE_IDENTIFIER = "com.GioNoa.Formula-1";
				PRODUCT_NAME = "$(TARGET_NAME)";
				SWIFT_VERSION = 5.0;
				TARGETED_DEVICE_FAMILY = "1,2";
			};
			name = Release;
		};
		3F9BAE47236CCBBA00FB994D /* Debug */ = {
			isa = XCBuildConfiguration;
			buildSettings = {
				ALWAYS_EMBED_SWIFT_STANDARD_LIBRARIES = YES;
				BUNDLE_LOADER = "$(TEST_HOST)";
				CODE_SIGN_STYLE = Automatic;
				DEVELOPMENT_TEAM = HRVS9455XM;
				INFOPLIST_FILE = "Formula 1Tests/Info.plist";
				IPHONEOS_DEPLOYMENT_TARGET = 13.1;
				LD_RUNPATH_SEARCH_PATHS = (
					"$(inherited)",
					"@executable_path/Frameworks",
					"@loader_path/Frameworks",
				);
				PRODUCT_BUNDLE_IDENTIFIER = "com.GioNoa.Formula-1Tests";
				PRODUCT_NAME = "$(TARGET_NAME)";
				SWIFT_VERSION = 5.0;
				TARGETED_DEVICE_FAMILY = "1,2";
				TEST_HOST = "$(BUILT_PRODUCTS_DIR)/Formula 1.app/Formula 1";
			};
			name = Debug;
		};
		3F9BAE48236CCBBA00FB994D /* Release */ = {
			isa = XCBuildConfiguration;
			buildSettings = {
				ALWAYS_EMBED_SWIFT_STANDARD_LIBRARIES = YES;
				BUNDLE_LOADER = "$(TEST_HOST)";
				CODE_SIGN_STYLE = Automatic;
				DEVELOPMENT_TEAM = HRVS9455XM;
				INFOPLIST_FILE = "Formula 1Tests/Info.plist";
				IPHONEOS_DEPLOYMENT_TARGET = 13.1;
				LD_RUNPATH_SEARCH_PATHS = (
					"$(inherited)",
					"@executable_path/Frameworks",
					"@loader_path/Frameworks",
				);
				PRODUCT_BUNDLE_IDENTIFIER = "com.GioNoa.Formula-1Tests";
				PRODUCT_NAME = "$(TARGET_NAME)";
				SWIFT_VERSION = 5.0;
				TARGETED_DEVICE_FAMILY = "1,2";
				TEST_HOST = "$(BUILT_PRODUCTS_DIR)/Formula 1.app/Formula 1";
			};
			name = Release;
		};
		3F9BAE4A236CCBBA00FB994D /* Debug */ = {
			isa = XCBuildConfiguration;
			buildSettings = {
				ALWAYS_EMBED_SWIFT_STANDARD_LIBRARIES = YES;
				CODE_SIGN_STYLE = Automatic;
				DEVELOPMENT_TEAM = HRVS9455XM;
				INFOPLIST_FILE = "Formula 1UITests/Info.plist";
				LD_RUNPATH_SEARCH_PATHS = (
					"$(inherited)",
					"@executable_path/Frameworks",
					"@loader_path/Frameworks",
				);
				PRODUCT_BUNDLE_IDENTIFIER = "com.GioNoa.Formula-1UITests";
				PRODUCT_NAME = "$(TARGET_NAME)";
				SWIFT_VERSION = 5.0;
				TARGETED_DEVICE_FAMILY = "1,2";
				TEST_TARGET_NAME = "Formula 1";
			};
			name = Debug;
		};
		3F9BAE4B236CCBBA00FB994D /* Release */ = {
			isa = XCBuildConfiguration;
			buildSettings = {
				ALWAYS_EMBED_SWIFT_STANDARD_LIBRARIES = YES;
				CODE_SIGN_STYLE = Automatic;
				DEVELOPMENT_TEAM = HRVS9455XM;
				INFOPLIST_FILE = "Formula 1UITests/Info.plist";
				LD_RUNPATH_SEARCH_PATHS = (
					"$(inherited)",
					"@executable_path/Frameworks",
					"@loader_path/Frameworks",
				);
				PRODUCT_BUNDLE_IDENTIFIER = "com.GioNoa.Formula-1UITests";
				PRODUCT_NAME = "$(TARGET_NAME)";
				SWIFT_VERSION = 5.0;
				TARGETED_DEVICE_FAMILY = "1,2";
				TEST_TARGET_NAME = "Formula 1";
			};
			name = Release;
		};
/* End XCBuildConfiguration section */

/* Begin XCConfigurationList section */
		3F9BAE14236CCBB800FB994D /* Build configuration list for PBXProject "Formula 1" */ = {
			isa = XCConfigurationList;
			buildConfigurations = (
				3F9BAE41236CCBBA00FB994D /* Debug */,
				3F9BAE42236CCBBA00FB994D /* Release */,
			);
			defaultConfigurationIsVisible = 0;
			defaultConfigurationName = Release;
		};
		3F9BAE43236CCBBA00FB994D /* Build configuration list for PBXNativeTarget "Formula 1" */ = {
			isa = XCConfigurationList;
			buildConfigurations = (
				3F9BAE44236CCBBA00FB994D /* Debug */,
				3F9BAE45236CCBBA00FB994D /* Release */,
			);
			defaultConfigurationIsVisible = 0;
			defaultConfigurationName = Release;
		};
		3F9BAE46236CCBBA00FB994D /* Build configuration list for PBXNativeTarget "Formula 1Tests" */ = {
			isa = XCConfigurationList;
			buildConfigurations = (
				3F9BAE47236CCBBA00FB994D /* Debug */,
				3F9BAE48236CCBBA00FB994D /* Release */,
			);
			defaultConfigurationIsVisible = 0;
			defaultConfigurationName = Release;
		};
		3F9BAE49236CCBBA00FB994D /* Build configuration list for PBXNativeTarget "Formula 1UITests" */ = {
			isa = XCConfigurationList;
			buildConfigurations = (
				3F9BAE4A236CCBBA00FB994D /* Debug */,
				3F9BAE4B236CCBBA00FB994D /* Release */,
			);
			defaultConfigurationIsVisible = 0;
			defaultConfigurationName = Release;
		};
/* End XCConfigurationList section */
	};
	rootObject = 3F9BAE11236CCBB800FB994D /* Project object */;
}
